// !$*UTF8*$!
{
	archiveVersion = 1;
	classes = {
	};
	objectVersion = 50;
	objects = {

/* Begin PBXBuildFile section */
		E9484A8A25CF215600A642ED /* AppDelegate.swift in Sources */ = {isa = PBXBuildFile; fileRef = E9484A8925CF215600A642ED /* AppDelegate.swift */; };
		E9484A8C25CF215600A642ED /* SceneDelegate.swift in Sources */ = {isa = PBXBuildFile; fileRef = E9484A8B25CF215600A642ED /* SceneDelegate.swift */; };
		E9484A8E25CF215600A642ED /* IntroductionViewController.swift in Sources */ = {isa = PBXBuildFile; fileRef = E9484A8D25CF215600A642ED /* IntroductionViewController.swift */; };
		E9484A9125CF215600A642ED /* Main.storyboard in Resources */ = {isa = PBXBuildFile; fileRef = E9484A8F25CF215600A642ED /* Main.storyboard */; };
		E9484A9325CF215A00A642ED /* Assets.xcassets in Resources */ = {isa = PBXBuildFile; fileRef = E9484A9225CF215A00A642ED /* Assets.xcassets */; };
		E9484A9625CF215A00A642ED /* LaunchScreen.storyboard in Resources */ = {isa = PBXBuildFile; fileRef = E9484A9425CF215A00A642ED /* LaunchScreen.storyboard */; };
		E9484AA625CF39D800A642ED /* Question.swift in Sources */ = {isa = PBXBuildFile; fileRef = E9484AA525CF39D800A642ED /* Question.swift */; };
		E9484AA925CF3C3000A642ED /* Answer.swift in Sources */ = {isa = PBXBuildFile; fileRef = E9484AA825CF3C3000A642ED /* Answer.swift */; };
		E9631CD825D42A7F000E29A9 /* QuestionsViewController.swift in Sources */ = {isa = PBXBuildFile; fileRef = E9631CD725D42A7F000E29A9 /* QuestionsViewController.swift */; };
		E9631CDB25D42AA2000E29A9 /* ResultViewController.swift in Sources */ = {isa = PBXBuildFile; fileRef = E9631CDA25D42AA2000E29A9 /* ResultViewController.swift */; };
/* End PBXBuildFile section */

/* Begin PBXFileReference section */
		E9484A8625CF215600A642ED /* NatPersonalQuiz.app */ = {isa = PBXFileReference; explicitFileType = wrapper.application; includeInIndex = 0; path = NatPersonalQuiz.app; sourceTree = BUILT_PRODUCTS_DIR; };
		E9484A8925CF215600A642ED /* AppDelegate.swift */ = {isa = PBXFileReference; lastKnownFileType = sourcecode.swift; path = AppDelegate.swift; sourceTree = "<group>"; };
		E9484A8B25CF215600A642ED /* SceneDelegate.swift */ = {isa = PBXFileReference; lastKnownFileType = sourcecode.swift; path = SceneDelegate.swift; sourceTree = "<group>"; };
		E9484A8D25CF215600A642ED /* IntroductionViewController.swift */ = {isa = PBXFileReference; lastKnownFileType = sourcecode.swift; path = IntroductionViewController.swift; sourceTree = "<group>"; };
		E9484A9025CF215600A642ED /* Base */ = {isa = PBXFileReference; lastKnownFileType = file.storyboard; name = Base; path = Base.lproj/Main.storyboard; sourceTree = "<group>"; };
		E9484A9225CF215A00A642ED /* Assets.xcassets */ = {isa = PBXFileReference; lastKnownFileType = folder.assetcatalog; path = Assets.xcassets; sourceTree = "<group>"; };
		E9484A9525CF215A00A642ED /* Base */ = {isa = PBXFileReference; lastKnownFileType = file.storyboard; name = Base; path = Base.lproj/LaunchScreen.storyboard; sourceTree = "<group>"; };
		E9484A9725CF215A00A642ED /* Info.plist */ = {isa = PBXFileReference; lastKnownFileType = text.plist.xml; path = Info.plist; sourceTree = "<group>"; };
		E9484AA525CF39D800A642ED /* Question.swift */ = {isa = PBXFileReference; lastKnownFileType = sourcecode.swift; path = Question.swift; sourceTree = "<group>"; };
		E9484AA825CF3C3000A642ED /* Answer.swift */ = {isa = PBXFileReference; lastKnownFileType = sourcecode.swift; path = Answer.swift; sourceTree = "<group>"; };
		E9631CD725D42A7F000E29A9 /* QuestionsViewController.swift */ = {isa = PBXFileReference; lastKnownFileType = sourcecode.swift; path = QuestionsViewController.swift; sourceTree = "<group>"; };
		E9631CDA25D42AA2000E29A9 /* ResultViewController.swift */ = {isa = PBXFileReference; lastKnownFileType = sourcecode.swift; path = ResultViewController.swift; sourceTree = "<group>"; };
/* End PBXFileReference section */

/* Begin PBXFrameworksBuildPhase section */
		E9484A8325CF215600A642ED /* Frameworks */ = {
			isa = PBXFrameworksBuildPhase;
			buildActionMask = 2147483647;
			files = (
			);
			runOnlyForDeploymentPostprocessing = 0;
		};
/* End PBXFrameworksBuildPhase section */

/* Begin PBXGroup section */
		E9484A7D25CF215600A642ED = {
			isa = PBXGroup;
			children = (
				E9484A8825CF215600A642ED /* NatPersonalQuiz */,
				E9484A8725CF215600A642ED /* Products */,
			);
			sourceTree = "<group>";
		};
		E9484A8725CF215600A642ED /* Products */ = {
			isa = PBXGroup;
			children = (
				E9484A8625CF215600A642ED /* NatPersonalQuiz.app */,
			);
			name = Products;
			sourceTree = "<group>";
		};
		E9484A8825CF215600A642ED /* NatPersonalQuiz */ = {
			isa = PBXGroup;
			children = (
				E9484AA025CF2B9200A642ED /* SupportingFiles */,
				E9484AA425CF39AC00A642ED /* Models */,
				E9484A9E25CF2A6100A642ED /* ViewControllers */,
				E9484A9F25CF2B0B00A642ED /* Storyboards */,
				E9484AA125CF2BAA00A642ED /* Resources */,
			);
			path = NatPersonalQuiz;
			sourceTree = "<group>";
		};
		E9484A9E25CF2A6100A642ED /* ViewControllers */ = {
			isa = PBXGroup;
			children = (
				E9484A8D25CF215600A642ED /* IntroductionViewController.swift */,
				E9631CD725D42A7F000E29A9 /* QuestionsViewController.swift */,
				E9631CDA25D42AA2000E29A9 /* ResultViewController.swift */,
			);
			path = ViewControllers;
			sourceTree = "<group>";
		};
		E9484A9F25CF2B0B00A642ED /* Storyboards */ = {
			isa = PBXGroup;
			children = (
				E9484A8F25CF215600A642ED /* Main.storyboard */,
				E9484A9425CF215A00A642ED /* LaunchScreen.storyboard */,
			);
			path = Storyboards;
			sourceTree = "<group>";
		};
		E9484AA025CF2B9200A642ED /* SupportingFiles */ = {
			isa = PBXGroup;
			children = (
				E9484A8925CF215600A642ED /* AppDelegate.swift */,
				E9484A8B25CF215600A642ED /* SceneDelegate.swift */,
				E9484A9725CF215A00A642ED /* Info.plist */,
			);
			path = SupportingFiles;
			sourceTree = "<group>";
		};
		E9484AA125CF2BAA00A642ED /* Resources */ = {
			isa = PBXGroup;
			children = (
				E9484A9225CF215A00A642ED /* Assets.xcassets */,
			);
			path = Resources;
			sourceTree = "<group>";
		};
		E9484AA425CF39AC00A642ED /* Models */ = {
			isa = PBXGroup;
			children = (
				E9484AA525CF39D800A642ED /* Question.swift */,
				E9484AA825CF3C3000A642ED /* Answer.swift */,
			);
			path = Models;
			sourceTree = "<group>";
		};
/* End PBXGroup section */

/* Begin PBXNativeTarget section */
		E9484A8525CF215600A642ED /* NatPersonalQuiz */ = {
			isa = PBXNativeTarget;
			buildConfigurationList = E9484A9A25CF215A00A642ED /* Build configuration list for PBXNativeTarget "NatPersonalQuiz" */;
			buildPhases = (
				E9484A8225CF215600A642ED /* Sources */,
				E9484A8325CF215600A642ED /* Frameworks */,
				E9484A8425CF215600A642ED /* Resources */,
			);
			buildRules = (
			);
			dependencies = (
			);
			name = NatPersonalQuiz;
			productName = NatPersonalQuiz;
			productReference = E9484A8625CF215600A642ED /* NatPersonalQuiz.app */;
			productType = "com.apple.product-type.application";
		};
/* End PBXNativeTarget section */

/* Begin PBXProject section */
		E9484A7E25CF215600A642ED /* Project object */ = {
			isa = PBXProject;
			attributes = {
				LastSwiftUpdateCheck = 1210;
				LastUpgradeCheck = 1210;
				TargetAttributes = {
					E9484A8525CF215600A642ED = {
						CreatedOnToolsVersion = 12.1;
					};
				};
			};
			buildConfigurationList = E9484A8125CF215600A642ED /* Build configuration list for PBXProject "NatPersonalQuiz" */;
			compatibilityVersion = "Xcode 9.3";
			developmentRegion = en;
			hasScannedForEncodings = 0;
			knownRegions = (
				en,
				Base,
			);
			mainGroup = E9484A7D25CF215600A642ED;
			productRefGroup = E9484A8725CF215600A642ED /* Products */;
			projectDirPath = "";
			projectRoot = "";
			targets = (
				E9484A8525CF215600A642ED /* NatPersonalQuiz */,
			);
		};
/* End PBXProject section */

/* Begin PBXResourcesBuildPhase section */
		E9484A8425CF215600A642ED /* Resources */ = {
			isa = PBXResourcesBuildPhase;
			buildActionMask = 2147483647;
			files = (
				E9484A9625CF215A00A642ED /* LaunchScreen.storyboard in Resources */,
				E9484A9325CF215A00A642ED /* Assets.xcassets in Resources */,
				E9484A9125CF215600A642ED /* Main.storyboard in Resources */,
			);
			runOnlyForDeploymentPostprocessing = 0;
		};
/* End PBXResourcesBuildPhase section */

/* Begin PBXSourcesBuildPhase section */
		E9484A8225CF215600A642ED /* Sources */ = {
			isa = PBXSourcesBuildPhase;
			buildActionMask = 2147483647;
			files = (
				E9484A8E25CF215600A642ED /* IntroductionViewController.swift in Sources */,
				E9484AA625CF39D800A642ED /* Question.swift in Sources */,
				E9631CD825D42A7F000E29A9 /* QuestionsViewController.swift in Sources */,
				E9484AA925CF3C3000A642ED /* Answer.swift in Sources */,
				E9631CDB25D42AA2000E29A9 /* ResultViewController.swift in Sources */,
				E9484A8A25CF215600A642ED /* AppDelegate.swift in Sources */,
				E9484A8C25CF215600A642ED /* SceneDelegate.swift in Sources */,
			);
			runOnlyForDeploymentPostprocessing = 0;
		};
/* End PBXSourcesBuildPhase section */

/* Begin PBXVariantGroup section */
		E9484A8F25CF215600A642ED /* Main.storyboard */ = {
			isa = PBXVariantGroup;
			children = (
				E9484A9025CF215600A642ED /* Base */,
			);
			name = Main.storyboard;
			sourceTree = "<group>";
		};
		E9484A9425CF215A00A642ED /* LaunchScreen.storyboard */ = {
			isa = PBXVariantGroup;
			children = (
				E9484A9525CF215A00A642ED /* Base */,
			);
			name = LaunchScreen.storyboard;
			sourceTree = "<group>";
		};
/* End PBXVariantGroup section */

/* Begin XCBuildConfiguration section */
		E9484A9825CF215A00A642ED /* Debug */ = {
			isa = XCBuildConfiguration;
			buildSettings = {
				ALWAYS_SEARCH_USER_PATHS = NO;
				CLANG_ANALYZER_NONNULL = YES;
				CLANG_ANALYZER_NUMBER_OBJECT_CONVERSION = YES_AGGRESSIVE;
				CLANG_CXX_LANGUAGE_STANDARD = "gnu++14";
				CLANG_CXX_LIBRARY = "libc++";
				CLANG_ENABLE_MODULES = YES;
				CLANG_ENABLE_OBJC_ARC = YES;
				CLANG_ENABLE_OBJC_WEAK = YES;
				CLANG_WARN_BLOCK_CAPTURE_AUTORELEASING = YES;
				CLANG_WARN_BOOL_CONVERSION = YES;
				CLANG_WARN_COMMA = YES;
				CLANG_WARN_CONSTANT_CONVERSION = YES;
				CLANG_WARN_DEPRECATED_OBJC_IMPLEMENTATIONS = YES;
				CLANG_WARN_DIRECT_OBJC_ISA_USAGE = YES_ERROR;
				CLANG_WARN_DOCUMENTATION_COMMENTS = YES;
				CLANG_WARN_EMPTY_BODY = YES;
				CLANG_WARN_ENUM_CONVERSION = YES;
				CLANG_WARN_INFINITE_RECURSION = YES;
				CLANG_WARN_INT_CONVERSION = YES;
				CLANG_WARN_NON_LITERAL_NULL_CONVERSION = YES;
				CLANG_WARN_OBJC_IMPLICIT_RETAIN_SELF = YES;
				CLANG_WARN_OBJC_LITERAL_CONVERSION = YES;
				CLANG_WARN_OBJC_ROOT_CLASS = YES_ERROR;
				CLANG_WARN_QUOTED_INCLUDE_IN_FRAMEWORK_HEADER = YES;
				CLANG_WARN_RANGE_LOOP_ANALYSIS = YES;
				CLANG_WARN_STRICT_PROTOTYPES = YES;
				CLANG_WARN_SUSPICIOUS_MOVE = YES;
				CLANG_WARN_UNGUARDED_AVAILABILITY = YES_AGGRESSIVE;
				CLANG_WARN_UNREACHABLE_CODE = YES;
				CLANG_WARN__DUPLICATE_METHOD_MATCH = YES;
				COPY_PHASE_STRIP = NO;
				DEBUG_INFORMATION_FORMAT = dwarf;
				ENABLE_STRICT_OBJC_MSGSEND = YES;
				ENABLE_TESTABILITY = YES;
				GCC_C_LANGUAGE_STANDARD = gnu11;
				GCC_DYNAMIC_NO_PIC = NO;
				GCC_NO_COMMON_BLOCKS = YES;
				GCC_OPTIMIZATION_LEVEL = 0;
				GCC_PREPROCESSOR_DEFINITIONS = (
					"DEBUG=1",
					"$(inherited)",
				);
				GCC_WARN_64_TO_32_BIT_CONVERSION = YES;
				GCC_WARN_ABOUT_RETURN_TYPE = YES_ERROR;
				GCC_WARN_UNDECLARED_SELECTOR = YES;
				GCC_WARN_UNINITIALIZED_AUTOS = YES_AGGRESSIVE;
				GCC_WARN_UNUSED_FUNCTION = YES;
				GCC_WARN_UNUSED_VARIABLE = YES;
				IPHONEOS_DEPLOYMENT_TARGET = 14.1;
				MTL_ENABLE_DEBUG_INFO = INCLUDE_SOURCE;
				MTL_FAST_MATH = YES;
				ONLY_ACTIVE_ARCH = YES;
				SDKROOT = iphoneos;
				SWIFT_ACTIVE_COMPILATION_CONDITIONS = DEBUG;
				SWIFT_OPTIMIZATION_LEVEL = "-Onone";
			};
			name = Debug;
		};
		E9484A9925CF215A00A642ED /* Release */ = {
			isa = XCBuildConfiguration;
			buildSettings = {
				ALWAYS_SEARCH_USER_PATHS = NO;
				CLANG_ANALYZER_NONNULL = YES;
				CLANG_ANALYZER_NUMBER_OBJECT_CONVERSION = YES_AGGRESSIVE;
				CLANG_CXX_LANGUAGE_STANDARD = "gnu++14";
				CLANG_CXX_LIBRARY = "libc++";
				CLANG_ENABLE_MODULES = YES;
				CLANG_ENABLE_OBJC_ARC = YES;
				CLANG_ENABLE_OBJC_WEAK = YES;
				CLANG_WARN_BLOCK_CAPTURE_AUTORELEASING = YES;
				CLANG_WARN_BOOL_CONVERSION = YES;
				CLANG_WARN_COMMA = YES;
				CLANG_WARN_CONSTANT_CONVERSION = YES;
				CLANG_WARN_DEPRECATED_OBJC_IMPLEMENTATIONS = YES;
				CLANG_WARN_DIRECT_OBJC_ISA_USAGE = YES_ERROR;
				CLANG_WARN_DOCUMENTATION_COMMENTS = YES;
				CLANG_WARN_EMPTY_BODY = YES;
				CLANG_WARN_ENUM_CONVERSION = YES;
				CLANG_WARN_INFINITE_RECURSION = YES;
				CLANG_WARN_INT_CONVERSION = YES;
				CLANG_WARN_NON_LITERAL_NULL_CONVERSION = YES;
				CLANG_WARN_OBJC_IMPLICIT_RETAIN_SELF = YES;
				CLANG_WARN_OBJC_LITERAL_CONVERSION = YES;
				CLANG_WARN_OBJC_ROOT_CLASS = YES_ERROR;
				CLANG_WARN_QUOTED_INCLUDE_IN_FRAMEWORK_HEADER = YES;
				CLANG_WARN_RANGE_LOOP_ANALYSIS = YES;
				CLANG_WARN_STRICT_PROTOTYPES = YES;
				CLANG_WARN_SUSPICIOUS_MOVE = YES;
				CLANG_WARN_UNGUARDED_AVAILABILITY = YES_AGGRESSIVE;
				CLANG_WARN_UNREACHABLE_CODE = YES;
				CLANG_WARN__DUPLICATE_METHOD_MATCH = YES;
				COPY_PHASE_STRIP = NO;
				DEBUG_INFORMATION_FORMAT = "dwarf-with-dsym";
				ENABLE_NS_ASSERTIONS = NO;
				ENABLE_STRICT_OBJC_MSGSEND = YES;
				GCC_C_LANGUAGE_STANDARD = gnu11;
				GCC_NO_COMMON_BLOCKS = YES;
				GCC_WARN_64_TO_32_BIT_CONVERSION = YES;
				GCC_WARN_ABOUT_RETURN_TYPE = YES_ERROR;
				GCC_WARN_UNDECLARED_SELECTOR = YES;
				GCC_WARN_UNINITIALIZED_AUTOS = YES_AGGRESSIVE;
				GCC_WARN_UNUSED_FUNCTION = YES;
				GCC_WARN_UNUSED_VARIABLE = YES;
				IPHONEOS_DEPLOYMENT_TARGET = 14.1;
				MTL_ENABLE_DEBUG_INFO = NO;
				MTL_FAST_MATH = YES;
				SDKROOT = iphoneos;
				SWIFT_COMPILATION_MODE = wholemodule;
				SWIFT_OPTIMIZATION_LEVEL = "-O";
				VALIDATE_PRODUCT = YES;
			};
			name = Release;
		};
		E9484A9B25CF215A00A642ED /* Debug */ = {
			isa = XCBuildConfiguration;
			buildSettings = {
				ASSETCATALOG_COMPILER_APPICON_NAME = AppIcon;
				ASSETCATALOG_COMPILER_GLOBAL_ACCENT_COLOR_NAME = AccentColor;
				CODE_SIGN_STYLE = Automatic;
				INFOPLIST_FILE = NatPersonalQuiz/SupportingFiles/Info.plist;
				LD_RUNPATH_SEARCH_PATHS = (
					"$(inherited)",
					"@executable_path/Frameworks",
				);
				PRODUCT_BUNDLE_IDENTIFIER = NatalyKirsanova.NatPersonalQuiz;
				PRODUCT_NAME = "$(TARGET_NAME)";
				SWIFT_VERSION = 5.0;
				TARGETED_DEVICE_FAMILY = "1,2";
			};
			name = Debug;
		};
		E9484A9C25CF215A00A642ED /* Release */ = {
			isa = XCBuildConfiguration;
			buildSettings = {
				ASSETCATALOG_COMPILER_APPICON_NAME = AppIcon;
				ASSETCATALOG_COMPILER_GLOBAL_ACCENT_COLOR_NAME = AccentColor;
				CODE_SIGN_STYLE = Automatic;
				INFOPLIST_FILE = NatPersonalQuiz/SupportingFiles/Info.plist;
				LD_RUNPATH_SEARCH_PATHS = (
					"$(inherited)",
					"@executable_path/Frameworks",
				);
				PRODUCT_BUNDLE_IDENTIFIER = NatalyKirsanova.NatPersonalQuiz;
				PRODUCT_NAME = "$(TARGET_NAME)";
				SWIFT_VERSION = 5.0;
				TARGETED_DEVICE_FAMILY = "1,2";
			};
			name = Release;
		};
/* End XCBuildConfiguration section */

/* Begin XCConfigurationList section */
		E9484A8125CF215600A642ED /* Build configuration list for PBXProject "NatPersonalQuiz" */ = {
			isa = XCConfigurationList;
			buildConfigurations = (
				E9484A9825CF215A00A642ED /* Debug */,
				E9484A9925CF215A00A642ED /* Release */,
			);
			defaultConfigurationIsVisible = 0;
			defaultConfigurationName = Release;
		};
		E9484A9A25CF215A00A642ED /* Build configuration list for PBXNativeTarget "NatPersonalQuiz" */ = {
			isa = XCConfigurationList;
			buildConfigurations = (
				E9484A9B25CF215A00A642ED /* Debug */,
				E9484A9C25CF215A00A642ED /* Release */,
			);
			defaultConfigurationIsVisible = 0;
			defaultConfigurationName = Release;
		};
/* End XCConfigurationList section */
	};
	rootObject = E9484A7E25CF215600A642ED /* Project object */;
}
